
Microsoft Visual Studio Solution File, Format Version 12.00
# Visual Studio Version 17
VisualStudioVersion = 17.5.33502.453
MinimumVisualStudioVersion = 10.0.40219.1
Project("{9A19103F-16F7-4668-BE54-9A1E7A4F7556}") = "BulletinBoard", "BulletinBoard\BulletinBoard.csproj", "{1BD3726C-E292-4EC1-8039-1647C565D082}"
EndProject
Project("{2150E333-8FDC-42A3-9474-1A3956D46DE8}") = "API", "API", "{19C97F3A-E6DE-460A-9B42-BFD73170F5B2}"
EndProject
Project("{2150E333-8FDC-42A3-9474-1A3956D46DE8}") = "Application", "Application", "{1C799838-A478-407D-9E4F-7DE2B0498FA9}"
EndProject
Project("{FAE04EC0-301F-11D3-BF4B-00C04F79EFBC}") = "Services", "Services\Services.csproj", "{B8082852-5732-41F6-A855-45B9C7FF36AD}"
EndProject
Project("{2150E333-8FDC-42A3-9474-1A3956D46DE8}") = "Infrastructure", "Infrastructure", "{60AE6BCC-3FC4-404F-BC33-1E5B45784793}"
EndProject
Project("{FAE04EC0-301F-11D3-BF4B-00C04F79EFBC}") = "Dal", "Dal\Dal.csproj", "{5662FDAC-E7C8-44C9-98E7-6143A79860C6}"
EndProject
Project("{2150E333-8FDC-42A3-9474-1A3956D46DE8}") = "Domain", "Domain", "{BB6A0933-2B88-4F38-BC1E-CA7ED3281000}"
EndProject
Project("{FAE04EC0-301F-11D3-BF4B-00C04F79EFBC}") = "Domain", "Domain\Domain.csproj", "{DDBEB694-DBF6-4DAA-8126-2520C619E14F}"
EndProject
Global
	GlobalSection(SolutionConfigurationPlatforms) = preSolution
		Debug|Any CPU = Debug|Any CPU
		Release|Any CPU = Release|Any CPU
	EndGlobalSection
	GlobalSection(ProjectConfigurationPlatforms) = postSolution
		{1BD3726C-E292-4EC1-8039-1647C565D082}.Debug|Any CPU.ActiveCfg = Debug|Any CPU
		{1BD3726C-E292-4EC1-8039-1647C565D082}.Debug|Any CPU.Build.0 = Debug|Any CPU
		{1BD3726C-E292-4EC1-8039-1647C565D082}.Release|Any CPU.ActiveCfg = Release|Any CPU
		{1BD3726C-E292-4EC1-8039-1647C565D082}.Release|Any CPU.Build.0 = Release|Any CPU
		{B8082852-5732-41F6-A855-45B9C7FF36AD}.Debug|Any CPU.ActiveCfg = Debug|Any CPU
		{B8082852-5732-41F6-A855-45B9C7FF36AD}.Debug|Any CPU.Build.0 = Debug|Any CPU
		{B8082852-5732-41F6-A855-45B9C7FF36AD}.Release|Any CPU.ActiveCfg = Release|Any CPU
		{B8082852-5732-41F6-A855-45B9C7FF36AD}.Release|Any CPU.Build.0 = Release|Any CPU
		{5662FDAC-E7C8-44C9-98E7-6143A79860C6}.Debug|Any CPU.ActiveCfg = Debug|Any CPU
		{5662FDAC-E7C8-44C9-98E7-6143A79860C6}.Debug|Any CPU.Build.0 = Debug|Any CPU
		{5662FDAC-E7C8-44C9-98E7-6143A79860C6}.Release|Any CPU.ActiveCfg = Release|Any CPU
		{5662FDAC-E7C8-44C9-98E7-6143A79860C6}.Release|Any CPU.Build.0 = Release|Any CPU
		{DDBEB694-DBF6-4DAA-8126-2520C619E14F}.Debug|Any CPU.ActiveCfg = Debug|Any CPU
		{DDBEB694-DBF6-4DAA-8126-2520C619E14F}.Debug|Any CPU.Build.0 = Debug|Any CPU
		{DDBEB694-DBF6-4DAA-8126-2520C619E14F}.Release|Any CPU.ActiveCfg = Release|Any CPU
		{DDBEB694-DBF6-4DAA-8126-2520C619E14F}.Release|Any CPU.Build.0 = Release|Any CPU
	EndGlobalSection
	GlobalSection(SolutionProperties) = preSolution
		HideSolutionNode = FALSE
	EndGlobalSection
	GlobalSection(NestedProjects) = preSolution
		{1BD3726C-E292-4EC1-8039-1647C565D082} = {19C97F3A-E6DE-460A-9B42-BFD73170F5B2}
		{B8082852-5732-41F6-A855-45B9C7FF36AD} = {1C799838-A478-407D-9E4F-7DE2B0498FA9}
		{5662FDAC-E7C8-44C9-98E7-6143A79860C6} = {60AE6BCC-3FC4-404F-BC33-1E5B45784793}
		{DDBEB694-DBF6-4DAA-8126-2520C619E14F} = {BB6A0933-2B88-4F38-BC1E-CA7ED3281000}
	EndGlobalSection
	GlobalSection(ExtensibilityGlobals) = postSolution
		SolutionGuid = {FD7D759D-ED05-4A6C-9CB3-ADF22401B0E7}
	EndGlobalSection
EndGlobal
